// !$*UTF8*$!
{
	archiveVersion = 1;
	classes = {
	};
	objectVersion = 56;
	objects = {

/* Begin PBXBuildFile section */
		1434087A2A9648430034DD87 /* AppDelegate.swift in Sources */ = {isa = PBXBuildFile; fileRef = 143408792A9648430034DD87 /* AppDelegate.swift */; };
		1434087C2A9648430034DD87 /* SceneDelegate.swift in Sources */ = {isa = PBXBuildFile; fileRef = 1434087B2A9648430034DD87 /* SceneDelegate.swift */; };
		1434087E2A9648430034DD87 /* ViewController.swift in Sources */ = {isa = PBXBuildFile; fileRef = 1434087D2A9648430034DD87 /* ViewController.swift */; };
		143408812A9648430034DD87 /* Main.storyboard in Resources */ = {isa = PBXBuildFile; fileRef = 1434087F2A9648430034DD87 /* Main.storyboard */; };
		143408842A9648430034DD87 /* Flashlight.xcdatamodeld in Sources */ = {isa = PBXBuildFile; fileRef = 143408822A9648430034DD87 /* Flashlight.xcdatamodeld */; };
		143408862A9648450034DD87 /* Assets.xcassets in Resources */ = {isa = PBXBuildFile; fileRef = 143408852A9648450034DD87 /* Assets.xcassets */; };
		143408892A9648450034DD87 /* LaunchScreen.storyboard in Resources */ = {isa = PBXBuildFile; fileRef = 143408872A9648450034DD87 /* LaunchScreen.storyboard */; };
		143408942A9648450034DD87 /* FlashlightTests.swift in Sources */ = {isa = PBXBuildFile; fileRef = 143408932A9648450034DD87 /* FlashlightTests.swift */; };
		1434089E2A9648450034DD87 /* FlashlightUITests.swift in Sources */ = {isa = PBXBuildFile; fileRef = 1434089D2A9648450034DD87 /* FlashlightUITests.swift */; };
		143408A02A9648450034DD87 /* FlashlightUITestsLaunchTests.swift in Sources */ = {isa = PBXBuildFile; fileRef = 1434089F2A9648450034DD87 /* FlashlightUITestsLaunchTests.swift */; };
/* End PBXBuildFile section */

/* Begin PBXContainerItemProxy section */
		143408902A9648450034DD87 /* PBXContainerItemProxy */ = {
			isa = PBXContainerItemProxy;
			containerPortal = 1434086E2A9648430034DD87 /* Project object */;
			proxyType = 1;
			remoteGlobalIDString = 143408752A9648430034DD87;
			remoteInfo = Flashlight;
		};
		1434089A2A9648450034DD87 /* PBXContainerItemProxy */ = {
			isa = PBXContainerItemProxy;
			containerPortal = 1434086E2A9648430034DD87 /* Project object */;
			proxyType = 1;
			remoteGlobalIDString = 143408752A9648430034DD87;
			remoteInfo = Flashlight;
		};
/* End PBXContainerItemProxy section */

/* Begin PBXFileReference section */
		143408762A9648430034DD87 /* Flashlight.app */ = {isa = PBXFileReference; explicitFileType = wrapper.application; includeInIndex = 0; path = Flashlight.app; sourceTree = BUILT_PRODUCTS_DIR; };
		143408792A9648430034DD87 /* AppDelegate.swift */ = {isa = PBXFileReference; lastKnownFileType = sourcecode.swift; path = AppDelegate.swift; sourceTree = "<group>"; };
		1434087B2A9648430034DD87 /* SceneDelegate.swift */ = {isa = PBXFileReference; lastKnownFileType = sourcecode.swift; path = SceneDelegate.swift; sourceTree = "<group>"; };
		1434087D2A9648430034DD87 /* ViewController.swift */ = {isa = PBXFileReference; lastKnownFileType = sourcecode.swift; path = ViewController.swift; sourceTree = "<group>"; };
		143408802A9648430034DD87 /* Base */ = {isa = PBXFileReference; lastKnownFileType = file.storyboard; name = Base; path = Base.lproj/Main.storyboard; sourceTree = "<group>"; };
		143408832A9648430034DD87 /* Flashlight.xcdatamodel */ = {isa = PBXFileReference; lastKnownFileType = wrapper.xcdatamodel; path = Flashlight.xcdatamodel; sourceTree = "<group>"; };
		143408852A9648450034DD87 /* Assets.xcassets */ = {isa = PBXFileReference; lastKnownFileType = folder.assetcatalog; path = Assets.xcassets; sourceTree = "<group>"; };
		143408882A9648450034DD87 /* Base */ = {isa = PBXFileReference; lastKnownFileType = file.storyboard; name = Base; path = Base.lproj/LaunchScreen.storyboard; sourceTree = "<group>"; };
		1434088A2A9648450034DD87 /* Info.plist */ = {isa = PBXFileReference; lastKnownFileType = text.plist.xml; path = Info.plist; sourceTree = "<group>"; };
		1434088F2A9648450034DD87 /* FlashlightTests.xctest */ = {isa = PBXFileReference; explicitFileType = wrapper.cfbundle; includeInIndex = 0; path = FlashlightTests.xctest; sourceTree = BUILT_PRODUCTS_DIR; };
		143408932A9648450034DD87 /* FlashlightTests.swift */ = {isa = PBXFileReference; lastKnownFileType = sourcecode.swift; path = FlashlightTests.swift; sourceTree = "<group>"; };
		143408992A9648450034DD87 /* FlashlightUITests.xctest */ = {isa = PBXFileReference; explicitFileType = wrapper.cfbundle; includeInIndex = 0; path = FlashlightUITests.xctest; sourceTree = BUILT_PRODUCTS_DIR; };
		1434089D2A9648450034DD87 /* FlashlightUITests.swift */ = {isa = PBXFileReference; lastKnownFileType = sourcecode.swift; path = FlashlightUITests.swift; sourceTree = "<group>"; };
		1434089F2A9648450034DD87 /* FlashlightUITestsLaunchTests.swift */ = {isa = PBXFileReference; lastKnownFileType = sourcecode.swift; path = FlashlightUITestsLaunchTests.swift; sourceTree = "<group>"; };
/* End PBXFileReference section */

/* Begin PBXFrameworksBuildPhase section */
		143408732A9648430034DD87 /* Frameworks */ = {
			isa = PBXFrameworksBuildPhase;
			buildActionMask = 2147483647;
			files = (
			);
			runOnlyForDeploymentPostprocessing = 0;
		};
		1434088C2A9648450034DD87 /* Frameworks */ = {
			isa = PBXFrameworksBuildPhase;
			buildActionMask = 2147483647;
			files = (
			);
			runOnlyForDeploymentPostprocessing = 0;
		};
		143408962A9648450034DD87 /* Frameworks */ = {
			isa = PBXFrameworksBuildPhase;
			buildActionMask = 2147483647;
			files = (
			);
			runOnlyForDeploymentPostprocessing = 0;
		};
/* End PBXFrameworksBuildPhase section */

/* Begin PBXGroup section */
		1434086D2A9648430034DD87 = {
			isa = PBXGroup;
			children = (
				143408782A9648430034DD87 /* Flashlight */,
				143408922A9648450034DD87 /* FlashlightTests */,
				1434089C2A9648450034DD87 /* FlashlightUITests */,
				143408772A9648430034DD87 /* Products */,
			);
			sourceTree = "<group>";
		};
		143408772A9648430034DD87 /* Products */ = {
			isa = PBXGroup;
			children = (
				143408762A9648430034DD87 /* Flashlight.app */,
				1434088F2A9648450034DD87 /* FlashlightTests.xctest */,
				143408992A9648450034DD87 /* FlashlightUITests.xctest */,
			);
			name = Products;
			sourceTree = "<group>";
		};
		143408782A9648430034DD87 /* Flashlight */ = {
			isa = PBXGroup;
			children = (
				143408792A9648430034DD87 /* AppDelegate.swift */,
				1434087B2A9648430034DD87 /* SceneDelegate.swift */,
				1434087D2A9648430034DD87 /* ViewController.swift */,
				1434087F2A9648430034DD87 /* Main.storyboard */,
				143408852A9648450034DD87 /* Assets.xcassets */,
				143408872A9648450034DD87 /* LaunchScreen.storyboard */,
				1434088A2A9648450034DD87 /* Info.plist */,
				143408822A9648430034DD87 /* Flashlight.xcdatamodeld */,
			);
			path = Flashlight;
			sourceTree = "<group>";
		};
		143408922A9648450034DD87 /* FlashlightTests */ = {
			isa = PBXGroup;
			children = (
				143408932A9648450034DD87 /* FlashlightTests.swift */,
			);
			path = FlashlightTests;
			sourceTree = "<group>";
		};
		1434089C2A9648450034DD87 /* FlashlightUITests */ = {
			isa = PBXGroup;
			children = (
				1434089D2A9648450034DD87 /* FlashlightUITests.swift */,
				1434089F2A9648450034DD87 /* FlashlightUITestsLaunchTests.swift */,
			);
			path = FlashlightUITests;
			sourceTree = "<group>";
		};
/* End PBXGroup section */

/* Begin PBXNativeTarget section */
		143408752A9648430034DD87 /* Flashlight */ = {
			isa = PBXNativeTarget;
			buildConfigurationList = 143408A32A9648450034DD87 /* Build configuration list for PBXNativeTarget "Flashlight" */;
			buildPhases = (
				143408722A9648430034DD87 /* Sources */,
				143408732A9648430034DD87 /* Frameworks */,
				143408742A9648430034DD87 /* Resources */,
			);
			buildRules = (
			);
			dependencies = (
			);
			name = Flashlight;
			productName = Flashlight;
			productReference = 143408762A9648430034DD87 /* Flashlight.app */;
			productType = "com.apple.product-type.application";
		};
		1434088E2A9648450034DD87 /* FlashlightTests */ = {
			isa = PBXNativeTarget;
			buildConfigurationList = 143408A62A9648450034DD87 /* Build configuration list for PBXNativeTarget "FlashlightTests" */;
			buildPhases = (
				1434088B2A9648450034DD87 /* Sources */,
				1434088C2A9648450034DD87 /* Frameworks */,
				1434088D2A9648450034DD87 /* Resources */,
			);
			buildRules = (
			);
			dependencies = (
				143408912A9648450034DD87 /* PBXTargetDependency */,
			);
			name = FlashlightTests;
			productName = FlashlightTests;
			productReference = 1434088F2A9648450034DD87 /* FlashlightTests.xctest */;
			productType = "com.apple.product-type.bundle.unit-test";
		};
		143408982A9648450034DD87 /* FlashlightUITests */ = {
			isa = PBXNativeTarget;
			buildConfigurationList = 143408A92A9648450034DD87 /* Build configuration list for PBXNativeTarget "FlashlightUITests" */;
			buildPhases = (
				143408952A9648450034DD87 /* Sources */,
				143408962A9648450034DD87 /* Frameworks */,
				143408972A9648450034DD87 /* Resources */,
			);
			buildRules = (
			);
			dependencies = (
				1434089B2A9648450034DD87 /* PBXTargetDependency */,
			);
			name = FlashlightUITests;
			productName = FlashlightUITests;
			productReference = 143408992A9648450034DD87 /* FlashlightUITests.xctest */;
			productType = "com.apple.product-type.bundle.ui-testing";
		};
/* End PBXNativeTarget section */

/* Begin PBXProject section */
		1434086E2A9648430034DD87 /* Project object */ = {
			isa = PBXProject;
			attributes = {
				BuildIndependentTargetsInParallel = 1;
				LastSwiftUpdateCheck = 1430;
				LastUpgradeCheck = 1430;
				TargetAttributes = {
					143408752A9648430034DD87 = {
						CreatedOnToolsVersion = 14.3.1;
					};
					1434088E2A9648450034DD87 = {
						CreatedOnToolsVersion = 14.3.1;
						TestTargetID = 143408752A9648430034DD87;
					};
					143408982A9648450034DD87 = {
						CreatedOnToolsVersion = 14.3.1;
						TestTargetID = 143408752A9648430034DD87;
					};
				};
			};
			buildConfigurationList = 143408712A9648430034DD87 /* Build configuration list for PBXProject "Flashlight" */;
			compatibilityVersion = "Xcode 14.0";
			developmentRegion = en;
			hasScannedForEncodings = 0;
			knownRegions = (
				en,
				Base,
			);
			mainGroup = 1434086D2A9648430034DD87;
			productRefGroup = 143408772A9648430034DD87 /* Products */;
			projectDirPath = "";
			projectRoot = "";
			targets = (
				143408752A9648430034DD87 /* Flashlight */,
				1434088E2A9648450034DD87 /* FlashlightTests */,
				143408982A9648450034DD87 /* FlashlightUITests */,
			);
		};
/* End PBXProject section */

/* Begin PBXResourcesBuildPhase section */
		143408742A9648430034DD87 /* Resources */ = {
			isa = PBXResourcesBuildPhase;
			buildActionMask = 2147483647;
			files = (
				143408892A9648450034DD87 /* LaunchScreen.storyboard in Resources */,
				143408862A9648450034DD87 /* Assets.xcassets in Resources */,
				143408812A9648430034DD87 /* Main.storyboard in Resources */,
			);
			runOnlyForDeploymentPostprocessing = 0;
		};
		1434088D2A9648450034DD87 /* Resources */ = {
			isa = PBXResourcesBuildPhase;
			buildActionMask = 2147483647;
			files = (
			);
			runOnlyForDeploymentPostprocessing = 0;
		};
		143408972A9648450034DD87 /* Resources */ = {
			isa = PBXResourcesBuildPhase;
			buildActionMask = 2147483647;
			files = (
			);
			runOnlyForDeploymentPostprocessing = 0;
		};
/* End PBXResourcesBuildPhase section */

/* Begin PBXSourcesBuildPhase section */
		143408722A9648430034DD87 /* Sources */ = {
			isa = PBXSourcesBuildPhase;
			buildActionMask = 2147483647;
			files = (
				1434087E2A9648430034DD87 /* ViewController.swift in Sources */,
				143408842A9648430034DD87 /* Flashlight.xcdatamodeld in Sources */,
				1434087A2A9648430034DD87 /* AppDelegate.swift in Sources */,
				1434087C2A9648430034DD87 /* SceneDelegate.swift in Sources */,
			);
			runOnlyForDeploymentPostprocessing = 0;
		};
		1434088B2A9648450034DD87 /* Sources */ = {
			isa = PBXSourcesBuildPhase;
			buildActionMask = 2147483647;
			files = (
				143408942A9648450034DD87 /* FlashlightTests.swift in Sources */,
			);
			runOnlyForDeploymentPostprocessing = 0;
		};
		143408952A9648450034DD87 /* Sources */ = {
			isa = PBXSourcesBuildPhase;
			buildActionMask = 2147483647;
			files = (
				143408A02A9648450034DD87 /* FlashlightUITestsLaunchTests.swift in Sources */,
				1434089E2A9648450034DD87 /* FlashlightUITests.swift in Sources */,
			);
			runOnlyForDeploymentPostprocessing = 0;
		};
/* End PBXSourcesBuildPhase section */

/* Begin PBXTargetDependency section */
		143408912A9648450034DD87 /* PBXTargetDependency */ = {
			isa = PBXTargetDependency;
			target = 143408752A9648430034DD87 /* Flashlight */;
			targetProxy = 143408902A9648450034DD87 /* PBXContainerItemProxy */;
		};
		1434089B2A9648450034DD87 /* PBXTargetDependency */ = {
			isa = PBXTargetDependency;
			target = 143408752A9648430034DD87 /* Flashlight */;
			targetProxy = 1434089A2A9648450034DD87 /* PBXContainerItemProxy */;
		};
/* End PBXTargetDependency section */

/* Begin PBXVariantGroup section */
		1434087F2A9648430034DD87 /* Main.storyboard */ = {
			isa = PBXVariantGroup;
			children = (
				143408802A9648430034DD87 /* Base */,
			);
			name = Main.storyboard;
			sourceTree = "<group>";
		};
		143408872A9648450034DD87 /* LaunchScreen.storyboard */ = {
			isa = PBXVariantGroup;
			children = (
				143408882A9648450034DD87 /* Base */,
			);
			name = LaunchScreen.storyboard;
			sourceTree = "<group>";
		};
/* End PBXVariantGroup section */

/* Begin XCBuildConfiguration section */
		143408A12A9648450034DD87 /* Debug */ = {
			isa = XCBuildConfiguration;
			buildSettings = {
				ALWAYS_SEARCH_USER_PATHS = NO;
				CLANG_ANALYZER_NONNULL = YES;
				CLANG_ANALYZER_NUMBER_OBJECT_CONVERSION = YES_AGGRESSIVE;
				CLANG_CXX_LANGUAGE_STANDARD = "gnu++20";
				CLANG_ENABLE_MODULES = YES;
				CLANG_ENABLE_OBJC_ARC = YES;
				CLANG_ENABLE_OBJC_WEAK = YES;
				CLANG_WARN_BLOCK_CAPTURE_AUTORELEASING = YES;
				CLANG_WARN_BOOL_CONVERSION = YES;
				CLANG_WARN_COMMA = YES;
				CLANG_WARN_CONSTANT_CONVERSION = YES;
				CLANG_WARN_DEPRECATED_OBJC_IMPLEMENTATIONS = YES;
				CLANG_WARN_DIRECT_OBJC_ISA_USAGE = YES_ERROR;
				CLANG_WARN_DOCUMENTATION_COMMENTS = YES;
				CLANG_WARN_EMPTY_BODY = YES;
				CLANG_WARN_ENUM_CONVERSION = YES;
				CLANG_WARN_INFINITE_RECURSION = YES;
				CLANG_WARN_INT_CONVERSION = YES;
				CLANG_WARN_NON_LITERAL_NULL_CONVERSION = YES;
				CLANG_WARN_OBJC_IMPLICIT_RETAIN_SELF = YES;
				CLANG_WARN_OBJC_LITERAL_CONVERSION = YES;
				CLANG_WARN_OBJC_ROOT_CLASS = YES_ERROR;
				CLANG_WARN_QUOTED_INCLUDE_IN_FRAMEWORK_HEADER = YES;
				CLANG_WARN_RANGE_LOOP_ANALYSIS = YES;
				CLANG_WARN_STRICT_PROTOTYPES = YES;
				CLANG_WARN_SUSPICIOUS_MOVE = YES;
				CLANG_WARN_UNGUARDED_AVAILABILITY = YES_AGGRESSIVE;
				CLANG_WARN_UNREACHABLE_CODE = YES;
				CLANG_WARN__DUPLICATE_METHOD_MATCH = YES;
				COPY_PHASE_STRIP = NO;
				DEBUG_INFORMATION_FORMAT = dwarf;
				ENABLE_STRICT_OBJC_MSGSEND = YES;
				ENABLE_TESTABILITY = YES;
				GCC_C_LANGUAGE_STANDARD = gnu11;
				GCC_DYNAMIC_NO_PIC = NO;
				GCC_NO_COMMON_BLOCKS = YES;
				GCC_OPTIMIZATION_LEVEL = 0;
				GCC_PREPROCESSOR_DEFINITIONS = (
					"DEBUG=1",
					"$(inherited)",
				);
				GCC_WARN_64_TO_32_BIT_CONVERSION = YES;
				GCC_WARN_ABOUT_RETURN_TYPE = YES_ERROR;
				GCC_WARN_UNDECLARED_SELECTOR = YES;
				GCC_WARN_UNINITIALIZED_AUTOS = YES_AGGRESSIVE;
				GCC_WARN_UNUSED_FUNCTION = YES;
				GCC_WARN_UNUSED_VARIABLE = YES;
				IPHONEOS_DEPLOYMENT_TARGET = 16.4;
				MTL_ENABLE_DEBUG_INFO = INCLUDE_SOURCE;
				MTL_FAST_MATH = YES;
				ONLY_ACTIVE_ARCH = YES;
				SDKROOT = iphoneos;
				SWIFT_ACTIVE_COMPILATION_CONDITIONS = DEBUG;
				SWIFT_OPTIMIZATION_LEVEL = "-Onone";
			};
			name = Debug;
		};
		143408A22A9648450034DD87 /* Release */ = {
			isa = XCBuildConfiguration;
			buildSettings = {
				ALWAYS_SEARCH_USER_PATHS = NO;
				CLANG_ANALYZER_NONNULL = YES;
				CLANG_ANALYZER_NUMBER_OBJECT_CONVERSION = YES_AGGRESSIVE;
				CLANG_CXX_LANGUAGE_STANDARD = "gnu++20";
				CLANG_ENABLE_MODULES = YES;
				CLANG_ENABLE_OBJC_ARC = YES;
				CLANG_ENABLE_OBJC_WEAK = YES;
				CLANG_WARN_BLOCK_CAPTURE_AUTORELEASING = YES;
				CLANG_WARN_BOOL_CONVERSION = YES;
				CLANG_WARN_COMMA = YES;
				CLANG_WARN_CONSTANT_CONVERSION = YES;
				CLANG_WARN_DEPRECATED_OBJC_IMPLEMENTATIONS = YES;
				CLANG_WARN_DIRECT_OBJC_ISA_USAGE = YES_ERROR;
				CLANG_WARN_DOCUMENTATION_COMMENTS = YES;
				CLANG_WARN_EMPTY_BODY = YES;
				CLANG_WARN_ENUM_CONVERSION = YES;
				CLANG_WARN_INFINITE_RECURSION = YES;
				CLANG_WARN_INT_CONVERSION = YES;
				CLANG_WARN_NON_LITERAL_NULL_CONVERSION = YES;
				CLANG_WARN_OBJC_IMPLICIT_RETAIN_SELF = YES;
				CLANG_WARN_OBJC_LITERAL_CONVERSION = YES;
				CLANG_WARN_OBJC_ROOT_CLASS = YES_ERROR;
				CLANG_WARN_QUOTED_INCLUDE_IN_FRAMEWORK_HEADER = YES;
				CLANG_WARN_RANGE_LOOP_ANALYSIS = YES;
				CLANG_WARN_STRICT_PROTOTYPES = YES;
				CLANG_WARN_SUSPICIOUS_MOVE = YES;
				CLANG_WARN_UNGUARDED_AVAILABILITY = YES_AGGRESSIVE;
				CLANG_WARN_UNREACHABLE_CODE = YES;
				CLANG_WARN__DUPLICATE_METHOD_MATCH = YES;
				COPY_PHASE_STRIP = NO;
				DEBUG_INFORMATION_FORMAT = "dwarf-with-dsym";
				ENABLE_NS_ASSERTIONS = NO;
				ENABLE_STRICT_OBJC_MSGSEND = YES;
				GCC_C_LANGUAGE_STANDARD = gnu11;
				GCC_NO_COMMON_BLOCKS = YES;
				GCC_WARN_64_TO_32_BIT_CONVERSION = YES;
				GCC_WARN_ABOUT_RETURN_TYPE = YES_ERROR;
				GCC_WARN_UNDECLARED_SELECTOR = YES;
				GCC_WARN_UNINITIALIZED_AUTOS = YES_AGGRESSIVE;
				GCC_WARN_UNUSED_FUNCTION = YES;
				GCC_WARN_UNUSED_VARIABLE = YES;
				IPHONEOS_DEPLOYMENT_TARGET = 16.4;
				MTL_ENABLE_DEBUG_INFO = NO;
				MTL_FAST_MATH = YES;
				SDKROOT = iphoneos;
				SWIFT_COMPILATION_MODE = wholemodule;
				SWIFT_OPTIMIZATION_LEVEL = "-O";
				VALIDATE_PRODUCT = YES;
			};
			name = Release;
		};
		143408A42A9648450034DD87 /* Debug */ = {
			isa = XCBuildConfiguration;
			buildSettings = {
				ASSETCATALOG_COMPILER_APPICON_NAME = AppIcon;
				ASSETCATALOG_COMPILER_GLOBAL_ACCENT_COLOR_NAME = AccentColor;
				CODE_SIGN_STYLE = Automatic;
				CURRENT_PROJECT_VERSION = 1;
				DEVELOPMENT_TEAM = SZURQ69PCN;
				GENERATE_INFOPLIST_FILE = YES;
				INFOPLIST_FILE = Flashlight/Info.plist;
				INFOPLIST_KEY_UIApplicationSupportsIndirectInputEvents = YES;
				INFOPLIST_KEY_UILaunchStoryboardName = LaunchScreen;
				INFOPLIST_KEY_UIMainStoryboardFile = Main;
				INFOPLIST_KEY_UISupportedInterfaceOrientations_iPad = "UIInterfaceOrientationPortrait UIInterfaceOrientationPortraitUpsideDown UIInterfaceOrientationLandscapeLeft UIInterfaceOrientationLandscapeRight";
				INFOPLIST_KEY_UISupportedInterfaceOrientations_iPhone = "UIInterfaceOrientationPortrait UIInterfaceOrientationLandscapeLeft UIInterfaceOrientationLandscapeRight";
				LD_RUNPATH_SEARCH_PATHS = (
					"$(inherited)",
					"@executable_path/Frameworks",
				);
				MARKETING_VERSION = 1.0;
				PRODUCT_BUNDLE_IDENTIFIER = clc.Flashlight;
				PRODUCT_NAME = "$(TARGET_NAME)";
				SWIFT_EMIT_LOC_STRINGS = YES;
				SWIFT_VERSION = 5.0;
				TARGETED_DEVICE_FAMILY = "1,2";
			};
			name = Debug;
		};
		143408A52A9648450034DD87 /* Release */ = {
			isa = XCBuildConfiguration;
			buildSettings = {
				ASSETCATALOG_COMPILER_APPICON_NAME = AppIcon;
				ASSETCATALOG_COMPILER_GLOBAL_ACCENT_COLOR_NAME = AccentColor;
				CODE_SIGN_STYLE = Automatic;
				CURRENT_PROJECT_VERSION = 1;
				DEVELOPMENT_TEAM = SZURQ69PCN;
				GENERATE_INFOPLIST_FILE = YES;
				INFOPLIST_FILE = Flashlight/Info.plist;
				INFOPLIST_KEY_UIApplicationSupportsIndirectInputEvents = YES;
				INFOPLIST_KEY_UILaunchStoryboardName = LaunchScreen;
				INFOPLIST_KEY_UIMainStoryboardFile = Main;
				INFOPLIST_KEY_UISupportedInterfaceOrientations_iPad = "UIInterfaceOrientationPortrait UIInterfaceOrientationPortraitUpsideDown UIInterfaceOrientationLandscapeLeft UIInterfaceOrientationLandscapeRight";
				INFOPLIST_KEY_UISupportedInterfaceOrientations_iPhone = "UIInterfaceOrientationPortrait UIInterfaceOrientationLandscapeLeft UIInterfaceOrientationLandscapeRight";
				LD_RUNPATH_SEARCH_PATHS = (
					"$(inherited)",
					"@executable_path/Frameworks",
				);
				MARKETING_VERSION = 1.0;
				PRODUCT_BUNDLE_IDENTIFIER = clc.Flashlight;
				PRODUCT_NAME = "$(TARGET_NAME)";
				SWIFT_EMIT_LOC_STRINGS = YES;
				SWIFT_VERSION = 5.0;
				TARGETED_DEVICE_FAMILY = "1,2";
			};
			name = Release;
		};
		143408A72A9648450034DD87 /* Debug */ = {
			isa = XCBuildConfiguration;
			buildSettings = {
				ALWAYS_EMBED_SWIFT_STANDARD_LIBRARIES = YES;
				BUNDLE_LOADER = "$(TEST_HOST)";
				CODE_SIGN_STYLE = Automatic;
				CURRENT_PROJECT_VERSION = 1;
				DEVELOPMENT_TEAM = SZURQ69PCN;
				GENERATE_INFOPLIST_FILE = YES;
				IPHONEOS_DEPLOYMENT_TARGET = 16.4;
				MARKETING_VERSION = 1.0;
				PRODUCT_BUNDLE_IDENTIFIER = clc.FlashlightTests;
				PRODUCT_NAME = "$(TARGET_NAME)";
				SWIFT_EMIT_LOC_STRINGS = NO;
				SWIFT_VERSION = 5.0;
				TARGETED_DEVICE_FAMILY = "1,2";
				TEST_HOST = "$(BUILT_PRODUCTS_DIR)/Flashlight.app/$(BUNDLE_EXECUTABLE_FOLDER_PATH)/Flashlight";
			};
			name = Debug;
		};
		143408A82A9648450034DD87 /* Release */ = {
			isa = XCBuildConfiguration;
			buildSettings = {
				ALWAYS_EMBED_SWIFT_STANDARD_LIBRARIES = YES;
				BUNDLE_LOADER = "$(TEST_HOST)";
				CODE_SIGN_STYLE = Automatic;
				CURRENT_PROJECT_VERSION = 1;
				DEVELOPMENT_TEAM = SZURQ69PCN;
				GENERATE_INFOPLIST_FILE = YES;
				IPHONEOS_DEPLOYMENT_TARGET = 16.4;
				MARKETING_VERSION = 1.0;
				PRODUCT_BUNDLE_IDENTIFIER = clc.FlashlightTests;
				PRODUCT_NAME = "$(TARGET_NAME)";
				SWIFT_EMIT_LOC_STRINGS = NO;
				SWIFT_VERSION = 5.0;
				TARGETED_DEVICE_FAMILY = "1,2";
				TEST_HOST = "$(BUILT_PRODUCTS_DIR)/Flashlight.app/$(BUNDLE_EXECUTABLE_FOLDER_PATH)/Flashlight";
			};
			name = Release;
		};
		143408AA2A9648450034DD87 /* Debug */ = {
			isa = XCBuildConfiguration;
			buildSettings = {
				ALWAYS_EMBED_SWIFT_STANDARD_LIBRARIES = YES;
				CODE_SIGN_STYLE = Automatic;
				CURRENT_PROJECT_VERSION = 1;
				DEVELOPMENT_TEAM = SZURQ69PCN;
				GENERATE_INFOPLIST_FILE = YES;
				MARKETING_VERSION = 1.0;
				PRODUCT_BUNDLE_IDENTIFIER = clc.FlashlightUITests;
				PRODUCT_NAME = "$(TARGET_NAME)";
				SWIFT_EMIT_LOC_STRINGS = NO;
				SWIFT_VERSION = 5.0;
				TARGETED_DEVICE_FAMILY = "1,2";
				TEST_TARGET_NAME = Flashlight;
			};
			name = Debug;
		};
		143408AB2A9648450034DD87 /* Release */ = {
			isa = XCBuildConfiguration;
			buildSettings = {
				ALWAYS_EMBED_SWIFT_STANDARD_LIBRARIES = YES;
				CODE_SIGN_STYLE = Automatic;
				CURRENT_PROJECT_VERSION = 1;
				DEVELOPMENT_TEAM = SZURQ69PCN;
				GENERATE_INFOPLIST_FILE = YES;
				MARKETING_VERSION = 1.0;
				PRODUCT_BUNDLE_IDENTIFIER = clc.FlashlightUITests;
				PRODUCT_NAME = "$(TARGET_NAME)";
				SWIFT_EMIT_LOC_STRINGS = NO;
				SWIFT_VERSION = 5.0;
				TARGETED_DEVICE_FAMILY = "1,2";
				TEST_TARGET_NAME = Flashlight;
			};
			name = Release;
		};
/* End XCBuildConfiguration section */

/* Begin XCConfigurationList section */
		143408712A9648430034DD87 /* Build configuration list for PBXProject "Flashlight" */ = {
			isa = XCConfigurationList;
			buildConfigurations = (
				143408A12A9648450034DD87 /* Debug */,
				143408A22A9648450034DD87 /* Release */,
			);
			defaultConfigurationIsVisible = 0;
			defaultConfigurationName = Release;
		};
		143408A32A9648450034DD87 /* Build configuration list for PBXNativeTarget "Flashlight" */ = {
			isa = XCConfigurationList;
			buildConfigurations = (
				143408A42A9648450034DD87 /* Debug */,
				143408A52A9648450034DD87 /* Release */,
			);
			defaultConfigurationIsVisible = 0;
			defaultConfigurationName = Release;
		};
		143408A62A9648450034DD87 /* Build configuration list for PBXNativeTarget "FlashlightTests" */ = {
			isa = XCConfigurationList;
			buildConfigurations = (
				143408A72A9648450034DD87 /* Debug */,
				143408A82A9648450034DD87 /* Release */,
			);
			defaultConfigurationIsVisible = 0;
			defaultConfigurationName = Release;
		};
		143408A92A9648450034DD87 /* Build configuration list for PBXNativeTarget "FlashlightUITests" */ = {
			isa = XCConfigurationList;
			buildConfigurations = (
				143408AA2A9648450034DD87 /* Debug */,
				143408AB2A9648450034DD87 /* Release */,
			);
			defaultConfigurationIsVisible = 0;
			defaultConfigurationName = Release;
		};
/* End XCConfigurationList section */

/* Begin XCVersionGroup section */
		143408822A9648430034DD87 /* Flashlight.xcdatamodeld */ = {
			isa = XCVersionGroup;
			children = (
				143408832A9648430034DD87 /* Flashlight.xcdatamodel */,
			);
			currentVersion = 143408832A9648430034DD87 /* Flashlight.xcdatamodel */;
			path = Flashlight.xcdatamodeld;
			sourceTree = "<group>";
			versionGroupType = wrapper.xcdatamodel;
		};
/* End XCVersionGroup section */
	};
	rootObject = 1434086E2A9648430034DD87 /* Project object */;
}
